// !$*UTF8*$!
{
	archiveVersion = 1;
	classes = {
	};
	objectVersion = 50;
	objects = {

/* Begin PBXBuildFile section */
		650B9BCA2682985D009A1D06 /* MotionManager.swift in Sources */ = {isa = PBXBuildFile; fileRef = 650B9BC92682985D009A1D06 /* MotionManager.swift */; };
		659BFC632682955A007CCDA2 /* Track_BuddyApp.swift in Sources */ = {isa = PBXBuildFile; fileRef = 659BFC622682955A007CCDA2 /* Track_BuddyApp.swift */; };
		659BFC652682955A007CCDA2 /* AccelerometerView.swift in Sources */ = {isa = PBXBuildFile; fileRef = 659BFC642682955A007CCDA2 /* AccelerometerView.swift */; };
		659BFC672682955D007CCDA2 /* Assets.xcassets in Resources */ = {isa = PBXBuildFile; fileRef = 659BFC662682955D007CCDA2 /* Assets.xcassets */; };
		659BFC6A2682955D007CCDA2 /* Preview Assets.xcassets in Resources */ = {isa = PBXBuildFile; fileRef = 659BFC692682955D007CCDA2 /* Preview Assets.xcassets */; };
		659BFC752682955E007CCDA2 /* Track_BuddyTests.swift in Sources */ = {isa = PBXBuildFile; fileRef = 659BFC742682955E007CCDA2 /* Track_BuddyTests.swift */; };
		659BFC802682955E007CCDA2 /* Track_BuddyUITests.swift in Sources */ = {isa = PBXBuildFile; fileRef = 659BFC7F2682955E007CCDA2 /* Track_BuddyUITests.swift */; };
/* End PBXBuildFile section */

/* Begin PBXContainerItemProxy section */
		659BFC712682955E007CCDA2 /* PBXContainerItemProxy */ = {
			isa = PBXContainerItemProxy;
			containerPortal = 659BFC572682955A007CCDA2 /* Project object */;
			proxyType = 1;
			remoteGlobalIDString = 659BFC5E2682955A007CCDA2;
			remoteInfo = "Track Buddy";
		};
		659BFC7C2682955E007CCDA2 /* PBXContainerItemProxy */ = {
			isa = PBXContainerItemProxy;
			containerPortal = 659BFC572682955A007CCDA2 /* Project object */;
			proxyType = 1;
			remoteGlobalIDString = 659BFC5E2682955A007CCDA2;
			remoteInfo = "Track Buddy";
		};
/* End PBXContainerItemProxy section */

/* Begin PBXFileReference section */
		650B9BC92682985D009A1D06 /* MotionManager.swift */ = {isa = PBXFileReference; lastKnownFileType = sourcecode.swift; path = MotionManager.swift; sourceTree = "<group>"; };
		659BFC5F2682955A007CCDA2 /* Track Buddy.app */ = {isa = PBXFileReference; explicitFileType = wrapper.application; includeInIndex = 0; path = "Track Buddy.app"; sourceTree = BUILT_PRODUCTS_DIR; };
		659BFC622682955A007CCDA2 /* Track_BuddyApp.swift */ = {isa = PBXFileReference; lastKnownFileType = sourcecode.swift; path = Track_BuddyApp.swift; sourceTree = "<group>"; };
		659BFC642682955A007CCDA2 /* AccelerometerView.swift */ = {isa = PBXFileReference; lastKnownFileType = sourcecode.swift; path = AccelerometerView.swift; sourceTree = "<group>"; };
		659BFC662682955D007CCDA2 /* Assets.xcassets */ = {isa = PBXFileReference; lastKnownFileType = folder.assetcatalog; path = Assets.xcassets; sourceTree = "<group>"; };
		659BFC692682955D007CCDA2 /* Preview Assets.xcassets */ = {isa = PBXFileReference; lastKnownFileType = folder.assetcatalog; path = "Preview Assets.xcassets"; sourceTree = "<group>"; };
		659BFC6B2682955D007CCDA2 /* Info.plist */ = {isa = PBXFileReference; lastKnownFileType = text.plist.xml; path = Info.plist; sourceTree = "<group>"; };
		659BFC702682955E007CCDA2 /* Track BuddyTests.xctest */ = {isa = PBXFileReference; explicitFileType = wrapper.cfbundle; includeInIndex = 0; path = "Track BuddyTests.xctest"; sourceTree = BUILT_PRODUCTS_DIR; };
		659BFC742682955E007CCDA2 /* Track_BuddyTests.swift */ = {isa = PBXFileReference; lastKnownFileType = sourcecode.swift; path = Track_BuddyTests.swift; sourceTree = "<group>"; };
		659BFC762682955E007CCDA2 /* Info.plist */ = {isa = PBXFileReference; lastKnownFileType = text.plist.xml; path = Info.plist; sourceTree = "<group>"; };
		659BFC7B2682955E007CCDA2 /* Track BuddyUITests.xctest */ = {isa = PBXFileReference; explicitFileType = wrapper.cfbundle; includeInIndex = 0; path = "Track BuddyUITests.xctest"; sourceTree = BUILT_PRODUCTS_DIR; };
		659BFC7F2682955E007CCDA2 /* Track_BuddyUITests.swift */ = {isa = PBXFileReference; lastKnownFileType = sourcecode.swift; path = Track_BuddyUITests.swift; sourceTree = "<group>"; };
		659BFC812682955E007CCDA2 /* Info.plist */ = {isa = PBXFileReference; lastKnownFileType = text.plist.xml; path = Info.plist; sourceTree = "<group>"; };
/* End PBXFileReference section */

/* Begin PBXFrameworksBuildPhase section */
		659BFC5C2682955A007CCDA2 /* Frameworks */ = {
			isa = PBXFrameworksBuildPhase;
			buildActionMask = 2147483647;
			files = (
			);
			runOnlyForDeploymentPostprocessing = 0;
		};
		659BFC6D2682955E007CCDA2 /* Frameworks */ = {
			isa = PBXFrameworksBuildPhase;
			buildActionMask = 2147483647;
			files = (
			);
			runOnlyForDeploymentPostprocessing = 0;
		};
		659BFC782682955E007CCDA2 /* Frameworks */ = {
			isa = PBXFrameworksBuildPhase;
			buildActionMask = 2147483647;
			files = (
			);
			runOnlyForDeploymentPostprocessing = 0;
		};
/* End PBXFrameworksBuildPhase section */

/* Begin PBXGroup section */
		650B9BC826829771009A1D06 /* Views */ = {
			isa = PBXGroup;
			children = (
				659BFC642682955A007CCDA2 /* AccelerometerView.swift */,
			);
			name = Views;
			path = "New Group";
			sourceTree = "<group>";
		};
		659BFC562682955A007CCDA2 = {
			isa = PBXGroup;
			children = (
				659BFC612682955A007CCDA2 /* Track Buddy */,
				659BFC732682955E007CCDA2 /* Track BuddyTests */,
				659BFC7E2682955E007CCDA2 /* Track BuddyUITests */,
				659BFC602682955A007CCDA2 /* Products */,
			);
			sourceTree = "<group>";
		};
		659BFC602682955A007CCDA2 /* Products */ = {
			isa = PBXGroup;
			children = (
				659BFC5F2682955A007CCDA2 /* Track Buddy.app */,
				659BFC702682955E007CCDA2 /* Track BuddyTests.xctest */,
				659BFC7B2682955E007CCDA2 /* Track BuddyUITests.xctest */,
			);
			name = Products;
			sourceTree = "<group>";
		};
		659BFC612682955A007CCDA2 /* Track Buddy */ = {
			isa = PBXGroup;
			children = (
				659BFC622682955A007CCDA2 /* Track_BuddyApp.swift */,
				650B9BC92682985D009A1D06 /* MotionManager.swift */,
				650B9BC826829771009A1D06 /* Views */,
				659BFC662682955D007CCDA2 /* Assets.xcassets */,
				659BFC6B2682955D007CCDA2 /* Info.plist */,
				659BFC682682955D007CCDA2 /* Preview Content */,
			);
			path = "Track Buddy";
			sourceTree = "<group>";
		};
		659BFC682682955D007CCDA2 /* Preview Content */ = {
			isa = PBXGroup;
			children = (
				659BFC692682955D007CCDA2 /* Preview Assets.xcassets */,
			);
			path = "Preview Content";
			sourceTree = "<group>";
		};
		659BFC732682955E007CCDA2 /* Track BuddyTests */ = {
			isa = PBXGroup;
			children = (
				659BFC742682955E007CCDA2 /* Track_BuddyTests.swift */,
				659BFC762682955E007CCDA2 /* Info.plist */,
			);
			path = "Track BuddyTests";
			sourceTree = "<group>";
		};
		659BFC7E2682955E007CCDA2 /* Track BuddyUITests */ = {
			isa = PBXGroup;
			children = (
				659BFC7F2682955E007CCDA2 /* Track_BuddyUITests.swift */,
				659BFC812682955E007CCDA2 /* Info.plist */,
			);
			path = "Track BuddyUITests";
			sourceTree = "<group>";
		};
/* End PBXGroup section */

/* Begin PBXNativeTarget section */
		659BFC5E2682955A007CCDA2 /* Track Buddy */ = {
			isa = PBXNativeTarget;
			buildConfigurationList = 659BFC842682955E007CCDA2 /* Build configuration list for PBXNativeTarget "Track Buddy" */;
			buildPhases = (
				659BFC5B2682955A007CCDA2 /* Sources */,
				659BFC5C2682955A007CCDA2 /* Frameworks */,
				659BFC5D2682955A007CCDA2 /* Resources */,
			);
			buildRules = (
			);
			dependencies = (
			);
			name = "Track Buddy";
			productName = "Track Buddy";
			productReference = 659BFC5F2682955A007CCDA2 /* Track Buddy.app */;
			productType = "com.apple.product-type.application";
		};
		659BFC6F2682955E007CCDA2 /* Track BuddyTests */ = {
			isa = PBXNativeTarget;
			buildConfigurationList = 659BFC872682955E007CCDA2 /* Build configuration list for PBXNativeTarget "Track BuddyTests" */;
			buildPhases = (
				659BFC6C2682955E007CCDA2 /* Sources */,
				659BFC6D2682955E007CCDA2 /* Frameworks */,
				659BFC6E2682955E007CCDA2 /* Resources */,
			);
			buildRules = (
			);
			dependencies = (
				659BFC722682955E007CCDA2 /* PBXTargetDependency */,
			);
			name = "Track BuddyTests";
			productName = "Track BuddyTests";
			productReference = 659BFC702682955E007CCDA2 /* Track BuddyTests.xctest */;
			productType = "com.apple.product-type.bundle.unit-test";
		};
		659BFC7A2682955E007CCDA2 /* Track BuddyUITests */ = {
			isa = PBXNativeTarget;
			buildConfigurationList = 659BFC8A2682955E007CCDA2 /* Build configuration list for PBXNativeTarget "Track BuddyUITests" */;
			buildPhases = (
				659BFC772682955E007CCDA2 /* Sources */,
				659BFC782682955E007CCDA2 /* Frameworks */,
				659BFC792682955E007CCDA2 /* Resources */,
			);
			buildRules = (
			);
			dependencies = (
				659BFC7D2682955E007CCDA2 /* PBXTargetDependency */,
			);
			name = "Track BuddyUITests";
			productName = "Track BuddyUITests";
			productReference = 659BFC7B2682955E007CCDA2 /* Track BuddyUITests.xctest */;
			productType = "com.apple.product-type.bundle.ui-testing";
		};
/* End PBXNativeTarget section */

/* Begin PBXProject section */
		659BFC572682955A007CCDA2 /* Project object */ = {
			isa = PBXProject;
			attributes = {
				LastSwiftUpdateCheck = 1250;
				LastUpgradeCheck = 1250;
				TargetAttributes = {
					659BFC5E2682955A007CCDA2 = {
						CreatedOnToolsVersion = 12.5;
					};
					659BFC6F2682955E007CCDA2 = {
						CreatedOnToolsVersion = 12.5;
						TestTargetID = 659BFC5E2682955A007CCDA2;
					};
					659BFC7A2682955E007CCDA2 = {
						CreatedOnToolsVersion = 12.5;
						TestTargetID = 659BFC5E2682955A007CCDA2;
					};
				};
			};
			buildConfigurationList = 659BFC5A2682955A007CCDA2 /* Build configuration list for PBXProject "Track Buddy" */;
			compatibilityVersion = "Xcode 9.3";
			developmentRegion = en;
			hasScannedForEncodings = 0;
			knownRegions = (
				en,
				Base,
			);
			mainGroup = 659BFC562682955A007CCDA2;
			productRefGroup = 659BFC602682955A007CCDA2 /* Products */;
			projectDirPath = "";
			projectRoot = "";
			targets = (
				659BFC5E2682955A007CCDA2 /* Track Buddy */,
				659BFC6F2682955E007CCDA2 /* Track BuddyTests */,
				659BFC7A2682955E007CCDA2 /* Track BuddyUITests */,
			);
		};
/* End PBXProject section */

/* Begin PBXResourcesBuildPhase section */
		659BFC5D2682955A007CCDA2 /* Resources */ = {
			isa = PBXResourcesBuildPhase;
			buildActionMask = 2147483647;
			files = (
				659BFC6A2682955D007CCDA2 /* Preview Assets.xcassets in Resources */,
				659BFC672682955D007CCDA2 /* Assets.xcassets in Resources */,
			);
			runOnlyForDeploymentPostprocessing = 0;
		};
		659BFC6E2682955E007CCDA2 /* Resources */ = {
			isa = PBXResourcesBuildPhase;
			buildActionMask = 2147483647;
			files = (
			);
			runOnlyForDeploymentPostprocessing = 0;
		};
		659BFC792682955E007CCDA2 /* Resources */ = {
			isa = PBXResourcesBuildPhase;
			buildActionMask = 2147483647;
			files = (
			);
			runOnlyForDeploymentPostprocessing = 0;
		};
/* End PBXResourcesBuildPhase section */

/* Begin PBXSourcesBuildPhase section */
		659BFC5B2682955A007CCDA2 /* Sources */ = {
			isa = PBXSourcesBuildPhase;
			buildActionMask = 2147483647;
			files = (
				659BFC652682955A007CCDA2 /* AccelerometerView.swift in Sources */,
				650B9BCA2682985D009A1D06 /* MotionManager.swift in Sources */,
				659BFC632682955A007CCDA2 /* Track_BuddyApp.swift in Sources */,
			);
			runOnlyForDeploymentPostprocessing = 0;
		};
		659BFC6C2682955E007CCDA2 /* Sources */ = {
			isa = PBXSourcesBuildPhase;
			buildActionMask = 2147483647;
			files = (
				659BFC752682955E007CCDA2 /* Track_BuddyTests.swift in Sources */,
			);
			runOnlyForDeploymentPostprocessing = 0;
		};
		659BFC772682955E007CCDA2 /* Sources */ = {
			isa = PBXSourcesBuildPhase;
			buildActionMask = 2147483647;
			files = (
				659BFC802682955E007CCDA2 /* Track_BuddyUITests.swift in Sources */,
			);
			runOnlyForDeploymentPostprocessing = 0;
		};
/* End PBXSourcesBuildPhase section */

/* Begin PBXTargetDependency section */
		659BFC722682955E007CCDA2 /* PBXTargetDependency */ = {
			isa = PBXTargetDependency;
			target = 659BFC5E2682955A007CCDA2 /* Track Buddy */;
			targetProxy = 659BFC712682955E007CCDA2 /* PBXContainerItemProxy */;
		};
		659BFC7D2682955E007CCDA2 /* PBXTargetDependency */ = {
			isa = PBXTargetDependency;
			target = 659BFC5E2682955A007CCDA2 /* Track Buddy */;
			targetProxy = 659BFC7C2682955E007CCDA2 /* PBXContainerItemProxy */;
		};
/* End PBXTargetDependency section */

/* Begin XCBuildConfiguration section */
		659BFC822682955E007CCDA2 /* Debug */ = {
			isa = XCBuildConfiguration;
			buildSettings = {
				ALWAYS_SEARCH_USER_PATHS = NO;
				CLANG_ANALYZER_NONNULL = YES;
				CLANG_ANALYZER_NUMBER_OBJECT_CONVERSION = YES_AGGRESSIVE;
				CLANG_CXX_LANGUAGE_STANDARD = "gnu++14";
				CLANG_CXX_LIBRARY = "libc++";
				CLANG_ENABLE_MODULES = YES;
				CLANG_ENABLE_OBJC_ARC = YES;
				CLANG_ENABLE_OBJC_WEAK = YES;
				CLANG_WARN_BLOCK_CAPTURE_AUTORELEASING = YES;
				CLANG_WARN_BOOL_CONVERSION = YES;
				CLANG_WARN_COMMA = YES;
				CLANG_WARN_CONSTANT_CONVERSION = YES;
				CLANG_WARN_DEPRECATED_OBJC_IMPLEMENTATIONS = YES;
				CLANG_WARN_DIRECT_OBJC_ISA_USAGE = YES_ERROR;
				CLANG_WARN_DOCUMENTATION_COMMENTS = YES;
				CLANG_WARN_EMPTY_BODY = YES;
				CLANG_WARN_ENUM_CONVERSION = YES;
				CLANG_WARN_INFINITE_RECURSION = YES;
				CLANG_WARN_INT_CONVERSION = YES;
				CLANG_WARN_NON_LITERAL_NULL_CONVERSION = YES;
				CLANG_WARN_OBJC_IMPLICIT_RETAIN_SELF = YES;
				CLANG_WARN_OBJC_LITERAL_CONVERSION = YES;
				CLANG_WARN_OBJC_ROOT_CLASS = YES_ERROR;
				CLANG_WARN_QUOTED_INCLUDE_IN_FRAMEWORK_HEADER = YES;
				CLANG_WARN_RANGE_LOOP_ANALYSIS = YES;
				CLANG_WARN_STRICT_PROTOTYPES = YES;
				CLANG_WARN_SUSPICIOUS_MOVE = YES;
				CLANG_WARN_UNGUARDED_AVAILABILITY = YES_AGGRESSIVE;
				CLANG_WARN_UNREACHABLE_CODE = YES;
				CLANG_WARN__DUPLICATE_METHOD_MATCH = YES;
				COPY_PHASE_STRIP = NO;
				DEBUG_INFORMATION_FORMAT = dwarf;
				ENABLE_STRICT_OBJC_MSGSEND = YES;
				ENABLE_TESTABILITY = YES;
				GCC_C_LANGUAGE_STANDARD = gnu11;
				GCC_DYNAMIC_NO_PIC = NO;
				GCC_NO_COMMON_BLOCKS = YES;
				GCC_OPTIMIZATION_LEVEL = 0;
				GCC_PREPROCESSOR_DEFINITIONS = (
					"DEBUG=1",
					"$(inherited)",
				);
				GCC_WARN_64_TO_32_BIT_CONVERSION = YES;
				GCC_WARN_ABOUT_RETURN_TYPE = YES_ERROR;
				GCC_WARN_UNDECLARED_SELECTOR = YES;
				GCC_WARN_UNINITIALIZED_AUTOS = YES_AGGRESSIVE;
				GCC_WARN_UNUSED_FUNCTION = YES;
				GCC_WARN_UNUSED_VARIABLE = YES;
				IPHONEOS_DEPLOYMENT_TARGET = 14.5;
				MTL_ENABLE_DEBUG_INFO = INCLUDE_SOURCE;
				MTL_FAST_MATH = YES;
				ONLY_ACTIVE_ARCH = YES;
				SDKROOT = iphoneos;
				SWIFT_ACTIVE_COMPILATION_CONDITIONS = DEBUG;
				SWIFT_OPTIMIZATION_LEVEL = "-Onone";
			};
			name = Debug;
		};
		659BFC832682955E007CCDA2 /* Release */ = {
			isa = XCBuildConfiguration;
			buildSettings = {
				ALWAYS_SEARCH_USER_PATHS = NO;
				CLANG_ANALYZER_NONNULL = YES;
				CLANG_ANALYZER_NUMBER_OBJECT_CONVERSION = YES_AGGRESSIVE;
				CLANG_CXX_LANGUAGE_STANDARD = "gnu++14";
				CLANG_CXX_LIBRARY = "libc++";
				CLANG_ENABLE_MODULES = YES;
				CLANG_ENABLE_OBJC_ARC = YES;
				CLANG_ENABLE_OBJC_WEAK = YES;
				CLANG_WARN_BLOCK_CAPTURE_AUTORELEASING = YES;
				CLANG_WARN_BOOL_CONVERSION = YES;
				CLANG_WARN_COMMA = YES;
				CLANG_WARN_CONSTANT_CONVERSION = YES;
				CLANG_WARN_DEPRECATED_OBJC_IMPLEMENTATIONS = YES;
				CLANG_WARN_DIRECT_OBJC_ISA_USAGE = YES_ERROR;
				CLANG_WARN_DOCUMENTATION_COMMENTS = YES;
				CLANG_WARN_EMPTY_BODY = YES;
				CLANG_WARN_ENUM_CONVERSION = YES;
				CLANG_WARN_INFINITE_RECURSION = YES;
				CLANG_WARN_INT_CONVERSION = YES;
				CLANG_WARN_NON_LITERAL_NULL_CONVERSION = YES;
				CLANG_WARN_OBJC_IMPLICIT_RETAIN_SELF = YES;
				CLANG_WARN_OBJC_LITERAL_CONVERSION = YES;
				CLANG_WARN_OBJC_ROOT_CLASS = YES_ERROR;
				CLANG_WARN_QUOTED_INCLUDE_IN_FRAMEWORK_HEADER = YES;
				CLANG_WARN_RANGE_LOOP_ANALYSIS = YES;
				CLANG_WARN_STRICT_PROTOTYPES = YES;
				CLANG_WARN_SUSPICIOUS_MOVE = YES;
				CLANG_WARN_UNGUARDED_AVAILABILITY = YES_AGGRESSIVE;
				CLANG_WARN_UNREACHABLE_CODE = YES;
				CLANG_WARN__DUPLICATE_METHOD_MATCH = YES;
				COPY_PHASE_STRIP = NO;
				DEBUG_INFORMATION_FORMAT = "dwarf-with-dsym";
				ENABLE_NS_ASSERTIONS = NO;
				ENABLE_STRICT_OBJC_MSGSEND = YES;
				GCC_C_LANGUAGE_STANDARD = gnu11;
				GCC_NO_COMMON_BLOCKS = YES;
				GCC_WARN_64_TO_32_BIT_CONVERSION = YES;
				GCC_WARN_ABOUT_RETURN_TYPE = YES_ERROR;
				GCC_WARN_UNDECLARED_SELECTOR = YES;
				GCC_WARN_UNINITIALIZED_AUTOS = YES_AGGRESSIVE;
				GCC_WARN_UNUSED_FUNCTION = YES;
				GCC_WARN_UNUSED_VARIABLE = YES;
				IPHONEOS_DEPLOYMENT_TARGET = 14.5;
				MTL_ENABLE_DEBUG_INFO = NO;
				MTL_FAST_MATH = YES;
				SDKROOT = iphoneos;
				SWIFT_COMPILATION_MODE = wholemodule;
				SWIFT_OPTIMIZATION_LEVEL = "-O";
				VALIDATE_PRODUCT = YES;
			};
			name = Release;
		};
		659BFC852682955E007CCDA2 /* Debug */ = {
			isa = XCBuildConfiguration;
			buildSettings = {
				ASSETCATALOG_COMPILER_APPICON_NAME = AppIcon;
				ASSETCATALOG_COMPILER_GLOBAL_ACCENT_COLOR_NAME = AccentColor;
				CODE_SIGN_STYLE = Automatic;
				DEVELOPMENT_ASSET_PATHS = "\"Track Buddy/Preview Content\"";
				DEVELOPMENT_TEAM = 33755HM6BY;
				ENABLE_PREVIEWS = YES;
				INFOPLIST_FILE = "Track Buddy/Info.plist";
				IPHONEOS_DEPLOYMENT_TARGET = 14.0;
				LD_RUNPATH_SEARCH_PATHS = (
					"$(inherited)",
					"@executable_path/Frameworks",
				);
				PRODUCT_BUNDLE_IDENTIFIER = "io.dangiesoft.Track-Buddy";
				PRODUCT_NAME = "$(TARGET_NAME)";
				SWIFT_VERSION = 5.0;
				TARGETED_DEVICE_FAMILY = "1,2";
			};
			name = Debug;
		};
		659BFC862682955E007CCDA2 /* Release */ = {
			isa = XCBuildConfiguration;
			buildSettings = {
				ASSETCATALOG_COMPILER_APPICON_NAME = AppIcon;
				ASSETCATALOG_COMPILER_GLOBAL_ACCENT_COLOR_NAME = AccentColor;
				CODE_SIGN_STYLE = Automatic;
				DEVELOPMENT_ASSET_PATHS = "\"Track Buddy/Preview Content\"";
				DEVELOPMENT_TEAM = 33755HM6BY;
				ENABLE_PREVIEWS = YES;
				INFOPLIST_FILE = "Track Buddy/Info.plist";
				IPHONEOS_DEPLOYMENT_TARGET = 14.0;
				LD_RUNPATH_SEARCH_PATHS = (
					"$(inherited)",
					"@executable_path/Frameworks",
				);
				PRODUCT_BUNDLE_IDENTIFIER = "io.dangiesoft.Track-Buddy";
				PRODUCT_NAME = "$(TARGET_NAME)";
				SWIFT_VERSION = 5.0;
				TARGETED_DEVICE_FAMILY = "1,2";
			};
			name = Release;
		};
		659BFC882682955E007CCDA2 /* Debug */ = {
			isa = XCBuildConfiguration;
			buildSettings = {
				ALWAYS_EMBED_SWIFT_STANDARD_LIBRARIES = YES;
				BUNDLE_LOADER = "$(TEST_HOST)";
				CODE_SIGN_STYLE = Automatic;
				DEVELOPMENT_TEAM = 33755HM6BY;
				INFOPLIST_FILE = "Track BuddyTests/Info.plist";
				IPHONEOS_DEPLOYMENT_TARGET = 14.0;
				LD_RUNPATH_SEARCH_PATHS = (
					"$(inherited)",
					"@executable_path/Frameworks",
					"@loader_path/Frameworks",
				);
				PRODUCT_BUNDLE_IDENTIFIER = "io.dangiesoft.Track-BuddyTests";
				PRODUCT_NAME = "$(TARGET_NAME)";
				SWIFT_VERSION = 5.0;
				TARGETED_DEVICE_FAMILY = "1,2";
				TEST_HOST = "$(BUILT_PRODUCTS_DIR)/Track Buddy.app/Track Buddy";
			};
			name = Debug;
		};
		659BFC892682955E007CCDA2 /* Release */ = {
			isa = XCBuildConfiguration;
			buildSettings = {
				ALWAYS_EMBED_SWIFT_STANDARD_LIBRARIES = YES;
				BUNDLE_LOADER = "$(TEST_HOST)";
				CODE_SIGN_STYLE = Automatic;
				DEVELOPMENT_TEAM = 33755HM6BY;
				INFOPLIST_FILE = "Track BuddyTests/Info.plist";
				IPHONEOS_DEPLOYMENT_TARGET = 14.0;
				LD_RUNPATH_SEARCH_PATHS = (
					"$(inherited)",
					"@executable_path/Frameworks",
					"@loader_path/Frameworks",
				);
				PRODUCT_BUNDLE_IDENTIFIER = "io.dangiesoft.Track-BuddyTests";
				PRODUCT_NAME = "$(TARGET_NAME)";
				SWIFT_VERSION = 5.0;
				TARGETED_DEVICE_FAMILY = "1,2";
				TEST_HOST = "$(BUILT_PRODUCTS_DIR)/Track Buddy.app/Track Buddy";
			};
			name = Release;
		};
		659BFC8B2682955E007CCDA2 /* Debug */ = {
			isa = XCBuildConfiguration;
			buildSettings = {
				ALWAYS_EMBED_SWIFT_STANDARD_LIBRARIES = YES;
				CODE_SIGN_STYLE = Automatic;
				DEVELOPMENT_TEAM = 33755HM6BY;
				INFOPLIST_FILE = "Track BuddyUITests/Info.plist";
				LD_RUNPATH_SEARCH_PATHS = (
					"$(inherited)",
					"@executable_path/Frameworks",
					"@loader_path/Frameworks",
				);
				PRODUCT_BUNDLE_IDENTIFIER = "io.dangiesoft.Track-BuddyUITests";
				PRODUCT_NAME = "$(TARGET_NAME)";
				SWIFT_VERSION = 5.0;
				TARGETED_DEVICE_FAMILY = "1,2";
				TEST_TARGET_NAME = "Track Buddy";
			};
			name = Debug;
		};
		659BFC8C2682955E007CCDA2 /* Release */ = {
			isa = XCBuildConfiguration;
			buildSettings = {
				ALWAYS_EMBED_SWIFT_STANDARD_LIBRARIES = YES;
				CODE_SIGN_STYLE = Automatic;
				DEVELOPMENT_TEAM = 33755HM6BY;
				INFOPLIST_FILE = "Track BuddyUITests/Info.plist";
				LD_RUNPATH_SEARCH_PATHS = (
					"$(inherited)",
					"@executable_path/Frameworks",
					"@loader_path/Frameworks",
				);
				PRODUCT_BUNDLE_IDENTIFIER = "io.dangiesoft.Track-BuddyUITests";
				PRODUCT_NAME = "$(TARGET_NAME)";
				SWIFT_VERSION = 5.0;
				TARGETED_DEVICE_FAMILY = "1,2";
				TEST_TARGET_NAME = "Track Buddy";
			};
			name = Release;
		};
/* End XCBuildConfiguration section */

/* Begin XCConfigurationList section */
		659BFC5A2682955A007CCDA2 /* Build configuration list for PBXProject "Track Buddy" */ = {
			isa = XCConfigurationList;
			buildConfigurations = (
				659BFC822682955E007CCDA2 /* Debug */,
				659BFC832682955E007CCDA2 /* Release */,
			);
			defaultConfigurationIsVisible = 0;
			defaultConfigurationName = Release;
		};
		659BFC842682955E007CCDA2 /* Build configuration list for PBXNativeTarget "Track Buddy" */ = {
			isa = XCConfigurationList;
			buildConfigurations = (
				659BFC852682955E007CCDA2 /* Debug */,
				659BFC862682955E007CCDA2 /* Release */,
			);
			defaultConfigurationIsVisible = 0;
			defaultConfigurationName = Release;
		};
		659BFC872682955E007CCDA2 /* Build configuration list for PBXNativeTarget "Track BuddyTests" */ = {
			isa = XCConfigurationList;
			buildConfigurations = (
				659BFC882682955E007CCDA2 /* Debug */,
				659BFC892682955E007CCDA2 /* Release */,
			);
			defaultConfigurationIsVisible = 0;
			defaultConfigurationName = Release;
		};
		659BFC8A2682955E007CCDA2 /* Build configuration list for PBXNativeTarget "Track BuddyUITests" */ = {
			isa = XCConfigurationList;
			buildConfigurations = (
				659BFC8B2682955E007CCDA2 /* Debug */,
				659BFC8C2682955E007CCDA2 /* Release */,
			);
			defaultConfigurationIsVisible = 0;
			defaultConfigurationName = Release;
		};
/* End XCConfigurationList section */
	};
	rootObject = 659BFC572682955A007CCDA2 /* Project object */;
}
